
Microsoft Visual Studio Solution File, Format Version 12.00
# Visual Studio Version 16
VisualStudioVersion = 16.0.31205.134
MinimumVisualStudioVersion = 10.0.40219.1
Project("{FAE04EC0-301F-11D3-BF4B-00C04F79EFBC}") = "GravityController-VrChat", "GravityController-VrChat\GravityController-VrChat.csproj", "{00A1867A-E861-4D0F-9125-A1BF3B550842}"
EndProject
Global
	GlobalSection(SolutionConfigurationPlatforms) = preSolution
		Debug|Any CPU = Debug|Any CPU
		Release|Any CPU = Release|Any CPU
	EndGlobalSection
	GlobalSection(ProjectConfigurationPlatforms) = postSolution
		{00A1867A-E861-4D0F-9125-A1BF3B550842}.Debug|Any CPU.ActiveCfg = Debug|Any CPU
		{00A1867A-E861-4D0F-9125-A1BF3B550842}.Debug|Any CPU.Build.0 = Debug|Any CPU
		{00A1867A-E861-4D0F-9125-A1BF3B550842}.Release|Any CPU.ActiveCfg = Release|Any CPU
		{00A1867A-E861-4D0F-9125-A1BF3B550842}.Release|Any CPU.Build.0 = Release|Any CPU
	EndGlobalSection
	GlobalSection(SolutionProperties) = preSolution
		HideSolutionNode = FALSE
	EndGlobalSection
	GlobalSection(ExtensibilityGlobals) = postSolution
		SolutionGuid = {6313C2C0-D7F7-45F9-A445-17FBC89BFE5D}
	EndGlobalSection
EndGlobal
